
Microsoft Visual Studio Solution File, Format Version 12.00
# Visual Studio Version 16
VisualStudioVersion = 16.0.30804.86
MinimumVisualStudioVersion = 10.0.40219.1
Project("{FAE04EC0-301F-11D3-BF4B-00C04F79EFBC}") = "SGBD_Lab1", "SGBD_Lab1.csproj", "{CA68A536-A482-4772-9B35-7B3674660F8D}"
EndProject
Global
	GlobalSection(SolutionConfigurationPlatforms) = preSolution
		Debug|Any CPU = Debug|Any CPU
		Release|Any CPU = Release|Any CPU
	EndGlobalSection
	GlobalSection(ProjectConfigurationPlatforms) = postSolution
		{CA68A536-A482-4772-9B35-7B3674660F8D}.Debug|Any CPU.ActiveCfg = Debug|Any CPU
		{CA68A536-A482-4772-9B35-7B3674660F8D}.Debug|Any CPU.Build.0 = Debug|Any CPU
		{CA68A536-A482-4772-9B35-7B3674660F8D}.Release|Any CPU.ActiveCfg = Release|Any CPU
		{CA68A536-A482-4772-9B35-7B3674660F8D}.Release|Any CPU.Build.0 = Release|Any CPU
	EndGlobalSection
	GlobalSection(SolutionProperties) = preSolution
		HideSolutionNode = FALSE
	EndGlobalSection
	GlobalSection(ExtensibilityGlobals) = postSolution
		SolutionGuid = {713DA532-5254-4CB3-A1B2-B74CD90627D3}
	EndGlobalSection
EndGlobal
